// !$*UTF8*$!
{
	archiveVersion = 1;
	classes = {
	};
	objectVersion = 48;
	objects = {

/* Begin PBXBuildFile section */
		F08089CC2040781000B12932 /* AppDelegate.swift in Sources */ = {isa = PBXBuildFile; fileRef = F08089CB2040781000B12932 /* AppDelegate.swift */; };
		F08089CE2040781000B12932 /* DashboardViewController.swift in Sources */ = {isa = PBXBuildFile; fileRef = F08089CD2040781000B12932 /* DashboardViewController.swift */; };
		F08089D02040781000B12932 /* SettingsViewController.swift in Sources */ = {isa = PBXBuildFile; fileRef = F08089CF2040781000B12932 /* SettingsViewController.swift */; };
		F08089D32040781000B12932 /* Main.storyboard in Resources */ = {isa = PBXBuildFile; fileRef = F08089D12040781000B12932 /* Main.storyboard */; };
		F08089D52040781000B12932 /* Assets.xcassets in Resources */ = {isa = PBXBuildFile; fileRef = F08089D42040781000B12932 /* Assets.xcassets */; };
		F08089D82040781000B12932 /* LaunchScreen.storyboard in Resources */ = {isa = PBXBuildFile; fileRef = F08089D62040781000B12932 /* LaunchScreen.storyboard */; };
		F08089E020407B1200B12932 /* HomeAidManager.swift in Sources */ = {isa = PBXBuildFile; fileRef = F08089DF20407B1200B12932 /* HomeAidManager.swift */; };
		F08089E820418AD300B12932 /* NotificationCenter.framework in Frameworks */ = {isa = PBXBuildFile; fileRef = F08089E720418AD300B12932 /* NotificationCenter.framework */; };
		F08089EB20418AD300B12932 /* TodayViewController.swift in Sources */ = {isa = PBXBuildFile; fileRef = F08089EA20418AD300B12932 /* TodayViewController.swift */; };
		F08089EE20418AD300B12932 /* Main.storyboard in Resources */ = {isa = PBXBuildFile; fileRef = F08089EC20418AD300B12932 /* Main.storyboard */; };
		F08089F220418AD300B12932 /* Home Aid Widget.appex in Embed App Extensions */ = {isa = PBXBuildFile; fileRef = F08089E520418AD300B12932 /* Home Aid Widget.appex */; settings = {ATTRIBUTES = (RemoveHeadersOnCopy, ); }; };
		F08089F720418D1D00B12932 /* HomeAidManager.swift in Sources */ = {isa = PBXBuildFile; fileRef = F08089DF20407B1200B12932 /* HomeAidManager.swift */; };
/* End PBXBuildFile section */

/* Begin PBXContainerItemProxy section */
		F08089F020418AD300B12932 /* PBXContainerItemProxy */ = {
			isa = PBXContainerItemProxy;
			containerPortal = F08089C02040781000B12932 /* Project object */;
			proxyType = 1;
			remoteGlobalIDString = F08089E420418AD300B12932;
			remoteInfo = "Home Aid Widget";
		};
/* End PBXContainerItemProxy section */

/* Begin PBXCopyFilesBuildPhase section */
		F08089F620418AD300B12932 /* Embed App Extensions */ = {
			isa = PBXCopyFilesBuildPhase;
			buildActionMask = 2147483647;
			dstPath = "";
			dstSubfolderSpec = 13;
			files = (
				F08089F220418AD300B12932 /* Home Aid Widget.appex in Embed App Extensions */,
			);
			name = "Embed App Extensions";
			runOnlyForDeploymentPostprocessing = 0;
		};
/* End PBXCopyFilesBuildPhase section */

/* Begin PBXFileReference section */
		F08089C82040781000B12932 /* Home Aid.app */ = {isa = PBXFileReference; explicitFileType = wrapper.application; includeInIndex = 0; path = "Home Aid.app"; sourceTree = BUILT_PRODUCTS_DIR; };
		F08089CB2040781000B12932 /* AppDelegate.swift */ = {isa = PBXFileReference; lastKnownFileType = sourcecode.swift; path = AppDelegate.swift; sourceTree = "<group>"; };
		F08089CD2040781000B12932 /* DashboardViewController.swift */ = {isa = PBXFileReference; lastKnownFileType = sourcecode.swift; path = DashboardViewController.swift; sourceTree = "<group>"; };
		F08089CF2040781000B12932 /* SettingsViewController.swift */ = {isa = PBXFileReference; lastKnownFileType = sourcecode.swift; path = SettingsViewController.swift; sourceTree = "<group>"; };
		F08089D22040781000B12932 /* Base */ = {isa = PBXFileReference; lastKnownFileType = file.storyboard; name = Base; path = Base.lproj/Main.storyboard; sourceTree = "<group>"; };
		F08089D42040781000B12932 /* Assets.xcassets */ = {isa = PBXFileReference; lastKnownFileType = folder.assetcatalog; path = Assets.xcassets; sourceTree = "<group>"; };
		F08089D72040781000B12932 /* Base */ = {isa = PBXFileReference; lastKnownFileType = file.storyboard; name = Base; path = Base.lproj/LaunchScreen.storyboard; sourceTree = "<group>"; };
		F08089D92040781000B12932 /* Info.plist */ = {isa = PBXFileReference; lastKnownFileType = text.plist.xml; path = Info.plist; sourceTree = "<group>"; };
		F08089DF20407B1200B12932 /* HomeAidManager.swift */ = {isa = PBXFileReference; lastKnownFileType = sourcecode.swift; path = HomeAidManager.swift; sourceTree = "<group>"; };
		F08089E520418AD300B12932 /* Home Aid Widget.appex */ = {isa = PBXFileReference; explicitFileType = "wrapper.app-extension"; includeInIndex = 0; path = "Home Aid Widget.appex"; sourceTree = BUILT_PRODUCTS_DIR; };
		F08089E720418AD300B12932 /* NotificationCenter.framework */ = {isa = PBXFileReference; lastKnownFileType = wrapper.framework; name = NotificationCenter.framework; path = System/Library/Frameworks/NotificationCenter.framework; sourceTree = SDKROOT; };
		F08089EA20418AD300B12932 /* TodayViewController.swift */ = {isa = PBXFileReference; lastKnownFileType = sourcecode.swift; path = TodayViewController.swift; sourceTree = "<group>"; };
		F08089ED20418AD300B12932 /* Base */ = {isa = PBXFileReference; lastKnownFileType = file.storyboard; name = Base; path = Base.lproj/Main.storyboard; sourceTree = "<group>"; };
		F08089EF20418AD300B12932 /* Info.plist */ = {isa = PBXFileReference; lastKnownFileType = text.plist.xml; path = Info.plist; sourceTree = "<group>"; };
/* End PBXFileReference section */

/* Begin PBXFrameworksBuildPhase section */
		F08089C52040781000B12932 /* Frameworks */ = {
			isa = PBXFrameworksBuildPhase;
			buildActionMask = 2147483647;
			files = (
			);
			runOnlyForDeploymentPostprocessing = 0;
		};
		F08089E220418AD300B12932 /* Frameworks */ = {
			isa = PBXFrameworksBuildPhase;
			buildActionMask = 2147483647;
			files = (
				F08089E820418AD300B12932 /* NotificationCenter.framework in Frameworks */,
			);
			runOnlyForDeploymentPostprocessing = 0;
		};
/* End PBXFrameworksBuildPhase section */

/* Begin PBXGroup section */
		F08089BF2040781000B12932 = {
			isa = PBXGroup;
			children = (
				F08089CA2040781000B12932 /* Home Aid */,
				F08089E920418AD300B12932 /* Home Aid Widget */,
				F08089E620418AD300B12932 /* Frameworks */,
				F08089C92040781000B12932 /* Products */,
			);
			sourceTree = "<group>";
		};
		F08089C92040781000B12932 /* Products */ = {
			isa = PBXGroup;
			children = (
				F08089C82040781000B12932 /* Home Aid.app */,
				F08089E520418AD300B12932 /* Home Aid Widget.appex */,
			);
			name = Products;
			sourceTree = "<group>";
		};
		F08089CA2040781000B12932 /* Home Aid */ = {
			isa = PBXGroup;
			children = (
				F08089CB2040781000B12932 /* AppDelegate.swift */,
				F08089CD2040781000B12932 /* DashboardViewController.swift */,
				F08089CF2040781000B12932 /* SettingsViewController.swift */,
				F08089DF20407B1200B12932 /* HomeAidManager.swift */,
				F08089D12040781000B12932 /* Main.storyboard */,
				F08089D42040781000B12932 /* Assets.xcassets */,
				F08089D62040781000B12932 /* LaunchScreen.storyboard */,
				F08089D92040781000B12932 /* Info.plist */,
			);
			path = "Home Aid";
			sourceTree = "<group>";
		};
		F08089E620418AD300B12932 /* Frameworks */ = {
			isa = PBXGroup;
			children = (
				F08089E720418AD300B12932 /* NotificationCenter.framework */,
			);
			name = Frameworks;
			sourceTree = "<group>";
		};
		F08089E920418AD300B12932 /* Home Aid Widget */ = {
			isa = PBXGroup;
			children = (
				F08089EA20418AD300B12932 /* TodayViewController.swift */,
				F08089EC20418AD300B12932 /* Main.storyboard */,
				F08089EF20418AD300B12932 /* Info.plist */,
			);
			path = "Home Aid Widget";
			sourceTree = "<group>";
		};
/* End PBXGroup section */

/* Begin PBXNativeTarget section */
		F08089C72040781000B12932 /* Home Aid */ = {
			isa = PBXNativeTarget;
			buildConfigurationList = F08089DC2040781100B12932 /* Build configuration list for PBXNativeTarget "Home Aid" */;
			buildPhases = (
				F08089C42040781000B12932 /* Sources */,
				F08089C52040781000B12932 /* Frameworks */,
				F08089C62040781000B12932 /* Resources */,
				F08089F620418AD300B12932 /* Embed App Extensions */,
			);
			buildRules = (
			);
			dependencies = (
				F08089F120418AD300B12932 /* PBXTargetDependency */,
			);
			name = "Home Aid";
			productName = "Home Aid";
			productReference = F08089C82040781000B12932 /* Home Aid.app */;
			productType = "com.apple.product-type.application";
		};
		F08089E420418AD300B12932 /* Home Aid Widget */ = {
			isa = PBXNativeTarget;
			buildConfigurationList = F08089F320418AD300B12932 /* Build configuration list for PBXNativeTarget "Home Aid Widget" */;
			buildPhases = (
				F08089E120418AD300B12932 /* Sources */,
				F08089E220418AD300B12932 /* Frameworks */,
				F08089E320418AD300B12932 /* Resources */,
			);
			buildRules = (
			);
			dependencies = (
			);
			name = "Home Aid Widget";
			productName = "Home Aid Widget";
			productReference = F08089E520418AD300B12932 /* Home Aid Widget.appex */;
			productType = "com.apple.product-type.app-extension";
		};
/* End PBXNativeTarget section */

/* Begin PBXProject section */
		F08089C02040781000B12932 /* Project object */ = {
			isa = PBXProject;
			attributes = {
				LastSwiftUpdateCheck = 0920;
				LastUpgradeCheck = 0920;
				TargetAttributes = {
					F08089C72040781000B12932 = {
						CreatedOnToolsVersion = 9.2;
						ProvisioningStyle = Manual;
					};
					F08089E420418AD300B12932 = {
						CreatedOnToolsVersion = 9.2;
						ProvisioningStyle = Manual;
					};
				};
			};
			buildConfigurationList = F08089C32040781000B12932 /* Build configuration list for PBXProject "Home Aid" */;
			compatibilityVersion = "Xcode 8.0";
			developmentRegion = en;
			hasScannedForEncodings = 0;
			knownRegions = (
				en,
				Base,
			);
			mainGroup = F08089BF2040781000B12932;
			productRefGroup = F08089C92040781000B12932 /* Products */;
			projectDirPath = "";
			projectRoot = "";
			targets = (
				F08089C72040781000B12932 /* Home Aid */,
				F08089E420418AD300B12932 /* Home Aid Widget */,
			);
		};
/* End PBXProject section */

/* Begin PBXResourcesBuildPhase section */
		F08089C62040781000B12932 /* Resources */ = {
			isa = PBXResourcesBuildPhase;
			buildActionMask = 2147483647;
			files = (
				F08089D82040781000B12932 /* LaunchScreen.storyboard in Resources */,
				F08089D52040781000B12932 /* Assets.xcassets in Resources */,
				F08089D32040781000B12932 /* Main.storyboard in Resources */,
			);
			runOnlyForDeploymentPostprocessing = 0;
		};
		F08089E320418AD300B12932 /* Resources */ = {
			isa = PBXResourcesBuildPhase;
			buildActionMask = 2147483647;
			files = (
				F08089EE20418AD300B12932 /* Main.storyboard in Resources */,
			);
			runOnlyForDeploymentPostprocessing = 0;
		};
/* End PBXResourcesBuildPhase section */

/* Begin PBXSourcesBuildPhase section */
		F08089C42040781000B12932 /* Sources */ = {
			isa = PBXSourcesBuildPhase;
			buildActionMask = 2147483647;
			files = (
				F08089D02040781000B12932 /* SettingsViewController.swift in Sources */,
				F08089E020407B1200B12932 /* HomeAidManager.swift in Sources */,
				F08089CC2040781000B12932 /* AppDelegate.swift in Sources */,
				F08089CE2040781000B12932 /* DashboardViewController.swift in Sources */,
			);
			runOnlyForDeploymentPostprocessing = 0;
		};
		F08089E120418AD300B12932 /* Sources */ = {
			isa = PBXSourcesBuildPhase;
			buildActionMask = 2147483647;
			files = (
				F08089F720418D1D00B12932 /* HomeAidManager.swift in Sources */,
				F08089EB20418AD300B12932 /* TodayViewController.swift in Sources */,
			);
			runOnlyForDeploymentPostprocessing = 0;
		};
/* End PBXSourcesBuildPhase section */

/* Begin PBXTargetDependency section */
		F08089F120418AD300B12932 /* PBXTargetDependency */ = {
			isa = PBXTargetDependency;
			target = F08089E420418AD300B12932 /* Home Aid Widget */;
			targetProxy = F08089F020418AD300B12932 /* PBXContainerItemProxy */;
		};
/* End PBXTargetDependency section */

/* Begin PBXVariantGroup section */
		F08089D12040781000B12932 /* Main.storyboard */ = {
			isa = PBXVariantGroup;
			children = (
				F08089D22040781000B12932 /* Base */,
			);
			name = Main.storyboard;
			sourceTree = "<group>";
		};
		F08089D62040781000B12932 /* LaunchScreen.storyboard */ = {
			isa = PBXVariantGroup;
			children = (
				F08089D72040781000B12932 /* Base */,
			);
			name = LaunchScreen.storyboard;
			sourceTree = "<group>";
		};
		F08089EC20418AD300B12932 /* Main.storyboard */ = {
			isa = PBXVariantGroup;
			children = (
				F08089ED20418AD300B12932 /* Base */,
			);
			name = Main.storyboard;
			sourceTree = "<group>";
		};
/* End PBXVariantGroup section */

/* Begin XCBuildConfiguration section */
		F08089DA2040781000B12932 /* Debug */ = {
			isa = XCBuildConfiguration;
			buildSettings = {
				ALWAYS_SEARCH_USER_PATHS = NO;
				CLANG_ANALYZER_NONNULL = YES;
				CLANG_ANALYZER_NUMBER_OBJECT_CONVERSION = YES_AGGRESSIVE;
				CLANG_CXX_LANGUAGE_STANDARD = "gnu++14";
				CLANG_CXX_LIBRARY = "libc++";
				CLANG_ENABLE_MODULES = YES;
				CLANG_ENABLE_OBJC_ARC = YES;
				CLANG_WARN_BLOCK_CAPTURE_AUTORELEASING = YES;
				CLANG_WARN_BOOL_CONVERSION = YES;
				CLANG_WARN_COMMA = YES;
				CLANG_WARN_CONSTANT_CONVERSION = YES;
				CLANG_WARN_DIRECT_OBJC_ISA_USAGE = YES_ERROR;
				CLANG_WARN_DOCUMENTATION_COMMENTS = YES;
				CLANG_WARN_EMPTY_BODY = YES;
				CLANG_WARN_ENUM_CONVERSION = YES;
				CLANG_WARN_INFINITE_RECURSION = YES;
				CLANG_WARN_INT_CONVERSION = YES;
				CLANG_WARN_NON_LITERAL_NULL_CONVERSION = YES;
				CLANG_WARN_OBJC_LITERAL_CONVERSION = YES;
				CLANG_WARN_OBJC_ROOT_CLASS = YES_ERROR;
				CLANG_WARN_RANGE_LOOP_ANALYSIS = YES;
				CLANG_WARN_STRICT_PROTOTYPES = YES;
				CLANG_WARN_SUSPICIOUS_MOVE = YES;
				CLANG_WARN_UNGUARDED_AVAILABILITY = YES_AGGRESSIVE;
				CLANG_WARN_UNREACHABLE_CODE = YES;
				CLANG_WARN__DUPLICATE_METHOD_MATCH = YES;
				CODE_SIGN_IDENTITY = "iPhone Developer";
				COPY_PHASE_STRIP = NO;
				DEBUG_INFORMATION_FORMAT = dwarf;
				ENABLE_STRICT_OBJC_MSGSEND = YES;
				ENABLE_TESTABILITY = YES;
				GCC_C_LANGUAGE_STANDARD = gnu11;
				GCC_DYNAMIC_NO_PIC = NO;
				GCC_NO_COMMON_BLOCKS = YES;
				GCC_OPTIMIZATION_LEVEL = 0;
				GCC_PREPROCESSOR_DEFINITIONS = (
					"DEBUG=1",
					"$(inherited)",
				);
				GCC_WARN_64_TO_32_BIT_CONVERSION = YES;
				GCC_WARN_ABOUT_RETURN_TYPE = YES_ERROR;
				GCC_WARN_UNDECLARED_SELECTOR = YES;
				GCC_WARN_UNINITIALIZED_AUTOS = YES_AGGRESSIVE;
				GCC_WARN_UNUSED_FUNCTION = YES;
				GCC_WARN_UNUSED_VARIABLE = YES;
				IPHONEOS_DEPLOYMENT_TARGET = 11.2;
				MTL_ENABLE_DEBUG_INFO = YES;
				ONLY_ACTIVE_ARCH = YES;
				SDKROOT = iphoneos;
				SWIFT_ACTIVE_COMPILATION_CONDITIONS = DEBUG;
				SWIFT_OPTIMIZATION_LEVEL = "-Onone";
			};
			name = Debug;
		};
		F08089DB2040781000B12932 /* Release */ = {
			isa = XCBuildConfiguration;
			buildSettings = {
				ALWAYS_SEARCH_USER_PATHS = NO;
				CLANG_ANALYZER_NONNULL = YES;
				CLANG_ANALYZER_NUMBER_OBJECT_CONVERSION = YES_AGGRESSIVE;
				CLANG_CXX_LANGUAGE_STANDARD = "gnu++14";
				CLANG_CXX_LIBRARY = "libc++";
				CLANG_ENABLE_MODULES = YES;
				CLANG_ENABLE_OBJC_ARC = YES;
				CLANG_WARN_BLOCK_CAPTURE_AUTORELEASING = YES;
				CLANG_WARN_BOOL_CONVERSION = YES;
				CLANG_WARN_COMMA = YES;
				CLANG_WARN_CONSTANT_CONVERSION = YES;
				CLANG_WARN_DIRECT_OBJC_ISA_USAGE = YES_ERROR;
				CLANG_WARN_DOCUMENTATION_COMMENTS = YES;
				CLANG_WARN_EMPTY_BODY = YES;
				CLANG_WARN_ENUM_CONVERSION = YES;
				CLANG_WARN_INFINITE_RECURSION = YES;
				CLANG_WARN_INT_CONVERSION = YES;
				CLANG_WARN_NON_LITERAL_NULL_CONVERSION = YES;
				CLANG_WARN_OBJC_LITERAL_CONVERSION = YES;
				CLANG_WARN_OBJC_ROOT_CLASS = YES_ERROR;
				CLANG_WARN_RANGE_LOOP_ANALYSIS = YES;
				CLANG_WARN_STRICT_PROTOTYPES = YES;
				CLANG_WARN_SUSPICIOUS_MOVE = YES;
				CLANG_WARN_UNGUARDED_AVAILABILITY = YES_AGGRESSIVE;
				CLANG_WARN_UNREACHABLE_CODE = YES;
				CLANG_WARN__DUPLICATE_METHOD_MATCH = YES;
				CODE_SIGN_IDENTITY = "iPhone Developer";
				COPY_PHASE_STRIP = NO;
				DEBUG_INFORMATION_FORMAT = "dwarf-with-dsym";
				ENABLE_NS_ASSERTIONS = NO;
				ENABLE_STRICT_OBJC_MSGSEND = YES;
				GCC_C_LANGUAGE_STANDARD = gnu11;
				GCC_NO_COMMON_BLOCKS = YES;
				GCC_WARN_64_TO_32_BIT_CONVERSION = YES;
				GCC_WARN_ABOUT_RETURN_TYPE = YES_ERROR;
				GCC_WARN_UNDECLARED_SELECTOR = YES;
				GCC_WARN_UNINITIALIZED_AUTOS = YES_AGGRESSIVE;
				GCC_WARN_UNUSED_FUNCTION = YES;
				GCC_WARN_UNUSED_VARIABLE = YES;
				IPHONEOS_DEPLOYMENT_TARGET = 11.2;
				MTL_ENABLE_DEBUG_INFO = NO;
				SDKROOT = iphoneos;
				SWIFT_OPTIMIZATION_LEVEL = "-Owholemodule";
				VALIDATE_PRODUCT = YES;
			};
			name = Release;
		};
		F08089DD2040781100B12932 /* Debug */ = {
			isa = XCBuildConfiguration;
			buildSettings = {
				ALWAYS_EMBED_SWIFT_STANDARD_LIBRARIES = YES;
				ASSETCATALOG_COMPILER_APPICON_NAME = AppIcon;
				CODE_SIGN_STYLE = Manual;
				DEVELOPMENT_TEAM = V48L6BF6M3;
				INFOPLIST_FILE = "Home Aid/Info.plist";
				LD_RUNPATH_SEARCH_PATHS = "$(inherited) @executable_path/Frameworks";
				PRODUCT_BUNDLE_IDENTIFIER = "de.a0s.Home-Aid";
				PRODUCT_NAME = "$(TARGET_NAME)";
				PROVISIONING_PROFILE = "10865a51-d5a5-4703-84e2-8d0433828c87";
				PROVISIONING_PROFILE_SPECIFIER = "iOS Development";
				SWIFT_VERSION = 4.0;
				TARGETED_DEVICE_FAMILY = 1;
			};
			name = Debug;
		};
		F08089DE2040781100B12932 /* Release */ = {
			isa = XCBuildConfiguration;
			buildSettings = {
				ALWAYS_EMBED_SWIFT_STANDARD_LIBRARIES = YES;
				ASSETCATALOG_COMPILER_APPICON_NAME = AppIcon;
				"CODE_SIGN_IDENTITY[sdk=iphoneos*]" = "iPhone Distribution";
				CODE_SIGN_STYLE = Manual;
				DEVELOPMENT_TEAM = V48L6BF6M3;
				INFOPLIST_FILE = "Home Aid/Info.plist";
				LD_RUNPATH_SEARCH_PATHS = "$(inherited) @executable_path/Frameworks";
				PRODUCT_BUNDLE_IDENTIFIER = "de.a0s.Home-Aid";
				PRODUCT_NAME = "$(TARGET_NAME)";
				PROVISIONING_PROFILE = "4892eec6-8b0d-4aa8-b73b-ae7b84d9131f";
				PROVISIONING_PROFILE_SPECIFIER = "iOS Adhoc";
				SWIFT_VERSION = 4.0;
				TARGETED_DEVICE_FAMILY = 1;
			};
			name = Release;
		};
		F08089F420418AD300B12932 /* Debug */ = {
			isa = XCBuildConfiguration;
			buildSettings = {
				CODE_SIGN_STYLE = Manual;
				DEVELOPMENT_TEAM = V48L6BF6M3;
				INFOPLIST_FILE = "Home Aid Widget/Info.plist";
				LD_RUNPATH_SEARCH_PATHS = "$(inherited) @executable_path/Frameworks @executable_path/../../Frameworks";
				PRODUCT_BUNDLE_IDENTIFIER = "de.a0s.Home-Aid.Home-Aid-Widget";
				PRODUCT_NAME = "$(TARGET_NAME)";
				PROVISIONING_PROFILE = "10865a51-d5a5-4703-84e2-8d0433828c87";
				PROVISIONING_PROFILE_SPECIFIER = "iOS Development";
				SKIP_INSTALL = YES;
				SWIFT_VERSION = 4.0;
				TARGETED_DEVICE_FAMILY = "1,2";
			};
			name = Debug;
		};
		F08089F520418AD300B12932 /* Release */ = {
			isa = XCBuildConfiguration;
			buildSettings = {
				"CODE_SIGN_IDENTITY[sdk=iphoneos*]" = "iPhone Distribution";
				CODE_SIGN_STYLE = Manual;
				DEVELOPMENT_TEAM = V48L6BF6M3;
				INFOPLIST_FILE = "Home Aid Widget/Info.plist";
				LD_RUNPATH_SEARCH_PATHS = "$(inherited) @executable_path/Frameworks @executable_path/../../Frameworks";
				PRODUCT_BUNDLE_IDENTIFIER = "de.a0s.Home-Aid.Home-Aid-Widget";
				PRODUCT_NAME = "$(TARGET_NAME)";
				PROVISIONING_PROFILE = "e685467c-8528-4669-92e6-8e6eb290faa6";
				PROVISIONING_PROFILE_SPECIFIER = "iOS Adhoc";
				SKIP_INSTALL = YES;
				SWIFT_VERSION = 4.0;
				TARGETED_DEVICE_FAMILY = "1,2";
			};
			name = Release;
		};
/* End XCBuildConfiguration section */

/* Begin XCConfigurationList section */
		F08089C32040781000B12932 /* Build configuration list for PBXProject "Home Aid" */ = {
			isa = XCConfigurationList;
			buildConfigurations = (
				F08089DA2040781000B12932 /* Debug */,
				F08089DB2040781000B12932 /* Release */,
			);
			defaultConfigurationIsVisible = 0;
			defaultConfigurationName = Release;
		};
		F08089DC2040781100B12932 /* Build configuration list for PBXNativeTarget "Home Aid" */ = {
			isa = XCConfigurationList;
			buildConfigurations = (
				F08089DD2040781100B12932 /* Debug */,
				F08089DE2040781100B12932 /* Release */,
			);
			defaultConfigurationIsVisible = 0;
			defaultConfigurationName = Release;
		};
		F08089F320418AD300B12932 /* Build configuration list for PBXNativeTarget "Home Aid Widget" */ = {
			isa = XCConfigurationList;
			buildConfigurations = (
				F08089F420418AD300B12932 /* Debug */,
				F08089F520418AD300B12932 /* Release */,
			);
			defaultConfigurationIsVisible = 0;
			defaultConfigurationName = Release;
		};
/* End XCConfigurationList section */
	};
	rootObject = F08089C02040781000B12932 /* Project object */;
}
